// !$*UTF8*$!
{
	archiveVersion = 1;
	classes = {
	};
	objectVersion = 48;
	objects = {

/* Begin PBXBuildFile section */
		A74D0571206BC6B500698CAA /* AppDelegate.swift in Sources */ = {isa = PBXBuildFile; fileRef = A74D0570206BC6B500698CAA /* AppDelegate.swift */; };
		A74D0573206BC6B500698CAA /* ViewController.swift in Sources */ = {isa = PBXBuildFile; fileRef = A74D0572206BC6B500698CAA /* ViewController.swift */; };
		A74D0576206BC6B500698CAA /* Main.storyboard in Resources */ = {isa = PBXBuildFile; fileRef = A74D0574206BC6B500698CAA /* Main.storyboard */; };
		A74D0578206BC6B500698CAA /* Assets.xcassets in Resources */ = {isa = PBXBuildFile; fileRef = A74D0577206BC6B500698CAA /* Assets.xcassets */; };
		A74D057B206BC6B500698CAA /* LaunchScreen.storyboard in Resources */ = {isa = PBXBuildFile; fileRef = A74D0579206BC6B500698CAA /* LaunchScreen.storyboard */; };
		A74D0586206BC6B500698CAA /* ExampleTests.swift in Sources */ = {isa = PBXBuildFile; fileRef = A74D0585206BC6B500698CAA /* ExampleTests.swift */; };
		A74D0591206BC6B500698CAA /* ExampleUITests.swift in Sources */ = {isa = PBXBuildFile; fileRef = A74D0590206BC6B500698CAA /* ExampleUITests.swift */; };
		A74D05A1206BFCBC00698CAA /* ItemModel.swift in Sources */ = {isa = PBXBuildFile; fileRef = A74D05A0206BFCBC00698CAA /* ItemModel.swift */; };
		A74D05A3206BFFCF00698CAA /* ItemCellTableViewCell.swift in Sources */ = {isa = PBXBuildFile; fileRef = A74D05A2206BFFCF00698CAA /* ItemCellTableViewCell.swift */; };
		A74D05A5206C072000698CAA /* NextViewController.swift in Sources */ = {isa = PBXBuildFile; fileRef = A74D05A4206C072000698CAA /* NextViewController.swift */; };
/* End PBXBuildFile section */

/* Begin PBXContainerItemProxy section */
		A74D0582206BC6B500698CAA /* PBXContainerItemProxy */ = {
			isa = PBXContainerItemProxy;
			containerPortal = A74D0565206BC6B500698CAA /* Project object */;
			proxyType = 1;
			remoteGlobalIDString = A74D056C206BC6B500698CAA;
			remoteInfo = Example;
		};
		A74D058D206BC6B500698CAA /* PBXContainerItemProxy */ = {
			isa = PBXContainerItemProxy;
			containerPortal = A74D0565206BC6B500698CAA /* Project object */;
			proxyType = 1;
			remoteGlobalIDString = A74D056C206BC6B500698CAA;
			remoteInfo = Example;
		};
/* End PBXContainerItemProxy section */

/* Begin PBXFileReference section */
		A74D056D206BC6B500698CAA /* Example.app */ = {isa = PBXFileReference; explicitFileType = wrapper.application; includeInIndex = 0; path = Example.app; sourceTree = BUILT_PRODUCTS_DIR; };
		A74D0570206BC6B500698CAA /* AppDelegate.swift */ = {isa = PBXFileReference; lastKnownFileType = sourcecode.swift; path = AppDelegate.swift; sourceTree = "<group>"; };
		A74D0572206BC6B500698CAA /* ViewController.swift */ = {isa = PBXFileReference; lastKnownFileType = sourcecode.swift; path = ViewController.swift; sourceTree = "<group>"; };
		A74D0575206BC6B500698CAA /* Base */ = {isa = PBXFileReference; lastKnownFileType = file.storyboard; name = Base; path = Base.lproj/Main.storyboard; sourceTree = "<group>"; };
		A74D0577206BC6B500698CAA /* Assets.xcassets */ = {isa = PBXFileReference; lastKnownFileType = folder.assetcatalog; path = Assets.xcassets; sourceTree = "<group>"; };
		A74D057A206BC6B500698CAA /* Base */ = {isa = PBXFileReference; lastKnownFileType = file.storyboard; name = Base; path = Base.lproj/LaunchScreen.storyboard; sourceTree = "<group>"; };
		A74D057C206BC6B500698CAA /* Info.plist */ = {isa = PBXFileReference; lastKnownFileType = text.plist.xml; path = Info.plist; sourceTree = "<group>"; };
		A74D0581206BC6B500698CAA /* ExampleTests.xctest */ = {isa = PBXFileReference; explicitFileType = wrapper.cfbundle; includeInIndex = 0; path = ExampleTests.xctest; sourceTree = BUILT_PRODUCTS_DIR; };
		A74D0585206BC6B500698CAA /* ExampleTests.swift */ = {isa = PBXFileReference; lastKnownFileType = sourcecode.swift; path = ExampleTests.swift; sourceTree = "<group>"; };
		A74D0587206BC6B500698CAA /* Info.plist */ = {isa = PBXFileReference; lastKnownFileType = text.plist.xml; path = Info.plist; sourceTree = "<group>"; };
		A74D058C206BC6B500698CAA /* ExampleUITests.xctest */ = {isa = PBXFileReference; explicitFileType = wrapper.cfbundle; includeInIndex = 0; path = ExampleUITests.xctest; sourceTree = BUILT_PRODUCTS_DIR; };
		A74D0590206BC6B500698CAA /* ExampleUITests.swift */ = {isa = PBXFileReference; lastKnownFileType = sourcecode.swift; path = ExampleUITests.swift; sourceTree = "<group>"; };
		A74D0592206BC6B500698CAA /* Info.plist */ = {isa = PBXFileReference; lastKnownFileType = text.plist.xml; path = Info.plist; sourceTree = "<group>"; };
		A74D05A0206BFCBC00698CAA /* ItemModel.swift */ = {isa = PBXFileReference; lastKnownFileType = sourcecode.swift; path = ItemModel.swift; sourceTree = "<group>"; };
		A74D05A2206BFFCF00698CAA /* ItemCellTableViewCell.swift */ = {isa = PBXFileReference; lastKnownFileType = sourcecode.swift; path = ItemCellTableViewCell.swift; sourceTree = "<group>"; };
		A74D05A4206C072000698CAA /* NextViewController.swift */ = {isa = PBXFileReference; lastKnownFileType = sourcecode.swift; path = NextViewController.swift; sourceTree = "<group>"; };
/* End PBXFileReference section */

/* Begin PBXFrameworksBuildPhase section */
		A74D056A206BC6B500698CAA /* Frameworks */ = {
			isa = PBXFrameworksBuildPhase;
			buildActionMask = 2147483647;
			files = (
			);
			runOnlyForDeploymentPostprocessing = 0;
		};
		A74D057E206BC6B500698CAA /* Frameworks */ = {
			isa = PBXFrameworksBuildPhase;
			buildActionMask = 2147483647;
			files = (
			);
			runOnlyForDeploymentPostprocessing = 0;
		};
		A74D0589206BC6B500698CAA /* Frameworks */ = {
			isa = PBXFrameworksBuildPhase;
			buildActionMask = 2147483647;
			files = (
			);
			runOnlyForDeploymentPostprocessing = 0;
		};
/* End PBXFrameworksBuildPhase section */

/* Begin PBXGroup section */
		A74D0564206BC6B500698CAA = {
			isa = PBXGroup;
			children = (
				A74D056F206BC6B500698CAA /* Example */,
				A74D0584206BC6B500698CAA /* ExampleTests */,
				A74D058F206BC6B500698CAA /* ExampleUITests */,
				A74D056E206BC6B500698CAA /* Products */,
			);
			sourceTree = "<group>";
		};
		A74D056E206BC6B500698CAA /* Products */ = {
			isa = PBXGroup;
			children = (
				A74D056D206BC6B500698CAA /* Example.app */,
				A74D0581206BC6B500698CAA /* ExampleTests.xctest */,
				A74D058C206BC6B500698CAA /* ExampleUITests.xctest */,
			);
			name = Products;
			sourceTree = "<group>";
		};
		A74D056F206BC6B500698CAA /* Example */ = {
			isa = PBXGroup;
			children = (
				A74D0570206BC6B500698CAA /* AppDelegate.swift */,
				A74D0572206BC6B500698CAA /* ViewController.swift */,
				A74D05A4206C072000698CAA /* NextViewController.swift */,
				A74D05A0206BFCBC00698CAA /* ItemModel.swift */,
				A74D0574206BC6B500698CAA /* Main.storyboard */,
				A74D0577206BC6B500698CAA /* Assets.xcassets */,
				A74D0579206BC6B500698CAA /* LaunchScreen.storyboard */,
				A74D057C206BC6B500698CAA /* Info.plist */,
				A74D05A2206BFFCF00698CAA /* ItemCellTableViewCell.swift */,
			);
			path = Example;
			sourceTree = "<group>";
		};
		A74D0584206BC6B500698CAA /* ExampleTests */ = {
			isa = PBXGroup;
			children = (
				A74D0585206BC6B500698CAA /* ExampleTests.swift */,
				A74D0587206BC6B500698CAA /* Info.plist */,
			);
			path = ExampleTests;
			sourceTree = "<group>";
		};
		A74D058F206BC6B500698CAA /* ExampleUITests */ = {
			isa = PBXGroup;
			children = (
				A74D0590206BC6B500698CAA /* ExampleUITests.swift */,
				A74D0592206BC6B500698CAA /* Info.plist */,
			);
			path = ExampleUITests;
			sourceTree = "<group>";
		};
/* End PBXGroup section */

/* Begin PBXNativeTarget section */
		A74D056C206BC6B500698CAA /* Example */ = {
			isa = PBXNativeTarget;
			buildConfigurationList = A74D0595206BC6B500698CAA /* Build configuration list for PBXNativeTarget "Example" */;
			buildPhases = (
				A74D0569206BC6B500698CAA /* Sources */,
				A74D056A206BC6B500698CAA /* Frameworks */,
				A74D056B206BC6B500698CAA /* Resources */,
			);
			buildRules = (
			);
			dependencies = (
			);
			name = Example;
			productName = Example;
			productReference = A74D056D206BC6B500698CAA /* Example.app */;
			productType = "com.apple.product-type.application";
		};
		A74D0580206BC6B500698CAA /* ExampleTests */ = {
			isa = PBXNativeTarget;
			buildConfigurationList = A74D0598206BC6B500698CAA /* Build configuration list for PBXNativeTarget "ExampleTests" */;
			buildPhases = (
				A74D057D206BC6B500698CAA /* Sources */,
				A74D057E206BC6B500698CAA /* Frameworks */,
				A74D057F206BC6B500698CAA /* Resources */,
			);
			buildRules = (
			);
			dependencies = (
				A74D0583206BC6B500698CAA /* PBXTargetDependency */,
			);
			name = ExampleTests;
			productName = ExampleTests;
			productReference = A74D0581206BC6B500698CAA /* ExampleTests.xctest */;
			productType = "com.apple.product-type.bundle.unit-test";
		};
		A74D058B206BC6B500698CAA /* ExampleUITests */ = {
			isa = PBXNativeTarget;
			buildConfigurationList = A74D059B206BC6B500698CAA /* Build configuration list for PBXNativeTarget "ExampleUITests" */;
			buildPhases = (
				A74D0588206BC6B500698CAA /* Sources */,
				A74D0589206BC6B500698CAA /* Frameworks */,
				A74D058A206BC6B500698CAA /* Resources */,
			);
			buildRules = (
			);
			dependencies = (
				A74D058E206BC6B500698CAA /* PBXTargetDependency */,
			);
			name = ExampleUITests;
			productName = ExampleUITests;
			productReference = A74D058C206BC6B500698CAA /* ExampleUITests.xctest */;
			productType = "com.apple.product-type.bundle.ui-testing";
		};
/* End PBXNativeTarget section */

/* Begin PBXProject section */
		A74D0565206BC6B500698CAA /* Project object */ = {
			isa = PBXProject;
			attributes = {
				LastSwiftUpdateCheck = 0920;
				LastUpgradeCheck = 0920;
				ORGANIZATIONNAME = thoughtworks;
				TargetAttributes = {
					A74D056C206BC6B500698CAA = {
						CreatedOnToolsVersion = 9.2;
						ProvisioningStyle = Automatic;
					};
					A74D0580206BC6B500698CAA = {
						CreatedOnToolsVersion = 9.2;
						ProvisioningStyle = Automatic;
						TestTargetID = A74D056C206BC6B500698CAA;
					};
					A74D058B206BC6B500698CAA = {
						CreatedOnToolsVersion = 9.2;
						ProvisioningStyle = Automatic;
						TestTargetID = A74D056C206BC6B500698CAA;
					};
				};
			};
			buildConfigurationList = A74D0568206BC6B500698CAA /* Build configuration list for PBXProject "Example" */;
			compatibilityVersion = "Xcode 8.0";
			developmentRegion = en;
			hasScannedForEncodings = 0;
			knownRegions = (
				en,
				Base,
			);
			mainGroup = A74D0564206BC6B500698CAA;
			productRefGroup = A74D056E206BC6B500698CAA /* Products */;
			projectDirPath = "";
			projectRoot = "";
			targets = (
				A74D056C206BC6B500698CAA /* Example */,
				A74D0580206BC6B500698CAA /* ExampleTests */,
				A74D058B206BC6B500698CAA /* ExampleUITests */,
			);
		};
/* End PBXProject section */

/* Begin PBXResourcesBuildPhase section */
		A74D056B206BC6B500698CAA /* Resources */ = {
			isa = PBXResourcesBuildPhase;
			buildActionMask = 2147483647;
			files = (
				A74D057B206BC6B500698CAA /* LaunchScreen.storyboard in Resources */,
				A74D0578206BC6B500698CAA /* Assets.xcassets in Resources */,
				A74D0576206BC6B500698CAA /* Main.storyboard in Resources */,
			);
			runOnlyForDeploymentPostprocessing = 0;
		};
		A74D057F206BC6B500698CAA /* Resources */ = {
			isa = PBXResourcesBuildPhase;
			buildActionMask = 2147483647;
			files = (
			);
			runOnlyForDeploymentPostprocessing = 0;
		};
		A74D058A206BC6B500698CAA /* Resources */ = {
			isa = PBXResourcesBuildPhase;
			buildActionMask = 2147483647;
			files = (
			);
			runOnlyForDeploymentPostprocessing = 0;
		};
/* End PBXResourcesBuildPhase section */

/* Begin PBXSourcesBuildPhase section */
		A74D0569206BC6B500698CAA /* Sources */ = {
			isa = PBXSourcesBuildPhase;
			buildActionMask = 2147483647;
			files = (
				A74D05A5206C072000698CAA /* NextViewController.swift in Sources */,
				A74D05A3206BFFCF00698CAA /* ItemCellTableViewCell.swift in Sources */,
				A74D05A1206BFCBC00698CAA /* ItemModel.swift in Sources */,
				A74D0573206BC6B500698CAA /* ViewController.swift in Sources */,
				A74D0571206BC6B500698CAA /* AppDelegate.swift in Sources */,
			);
			runOnlyForDeploymentPostprocessing = 0;
		};
		A74D057D206BC6B500698CAA /* Sources */ = {
			isa = PBXSourcesBuildPhase;
			buildActionMask = 2147483647;
			files = (
				A74D0586206BC6B500698CAA /* ExampleTests.swift in Sources */,
			);
			runOnlyForDeploymentPostprocessing = 0;
		};
		A74D0588206BC6B500698CAA /* Sources */ = {
			isa = PBXSourcesBuildPhase;
			buildActionMask = 2147483647;
			files = (
				A74D0591206BC6B500698CAA /* ExampleUITests.swift in Sources */,
			);
			runOnlyForDeploymentPostprocessing = 0;
		};
/* End PBXSourcesBuildPhase section */

/* Begin PBXTargetDependency section */
		A74D0583206BC6B500698CAA /* PBXTargetDependency */ = {
			isa = PBXTargetDependency;
			target = A74D056C206BC6B500698CAA /* Example */;
			targetProxy = A74D0582206BC6B500698CAA /* PBXContainerItemProxy */;
		};
		A74D058E206BC6B500698CAA /* PBXTargetDependency */ = {
			isa = PBXTargetDependency;
			target = A74D056C206BC6B500698CAA /* Example */;
			targetProxy = A74D058D206BC6B500698CAA /* PBXContainerItemProxy */;
		};
/* End PBXTargetDependency section */

/* Begin PBXVariantGroup section */
		A74D0574206BC6B500698CAA /* Main.storyboard */ = {
			isa = PBXVariantGroup;
			children = (
				A74D0575206BC6B500698CAA /* Base */,
			);
			name = Main.storyboard;
			sourceTree = "<group>";
		};
		A74D0579206BC6B500698CAA /* LaunchScreen.storyboard */ = {
			isa = PBXVariantGroup;
			children = (
				A74D057A206BC6B500698CAA /* Base */,
			);
			name = LaunchScreen.storyboard;
			sourceTree = "<group>";
		};
/* End PBXVariantGroup section */

/* Begin XCBuildConfiguration section */
		A74D0593206BC6B500698CAA /* Debug */ = {
			isa = XCBuildConfiguration;
			buildSettings = {
				ALWAYS_SEARCH_USER_PATHS = NO;
				CLANG_ANALYZER_NONNULL = YES;
				CLANG_ANALYZER_NUMBER_OBJECT_CONVERSION = YES_AGGRESSIVE;
				CLANG_CXX_LANGUAGE_STANDARD = "gnu++14";
				CLANG_CXX_LIBRARY = "libc++";
				CLANG_ENABLE_MODULES = YES;
				CLANG_ENABLE_OBJC_ARC = YES;
				CLANG_WARN_BLOCK_CAPTURE_AUTORELEASING = YES;
				CLANG_WARN_BOOL_CONVERSION = YES;
				CLANG_WARN_COMMA = YES;
				CLANG_WARN_CONSTANT_CONVERSION = YES;
				CLANG_WARN_DIRECT_OBJC_ISA_USAGE = YES_ERROR;
				CLANG_WARN_DOCUMENTATION_COMMENTS = YES;
				CLANG_WARN_EMPTY_BODY = YES;
				CLANG_WARN_ENUM_CONVERSION = YES;
				CLANG_WARN_INFINITE_RECURSION = YES;
				CLANG_WARN_INT_CONVERSION = YES;
				CLANG_WARN_NON_LITERAL_NULL_CONVERSION = YES;
				CLANG_WARN_OBJC_LITERAL_CONVERSION = YES;
				CLANG_WARN_OBJC_ROOT_CLASS = YES_ERROR;
				CLANG_WARN_RANGE_LOOP_ANALYSIS = YES;
				CLANG_WARN_STRICT_PROTOTYPES = YES;
				CLANG_WARN_SUSPICIOUS_MOVE = YES;
				CLANG_WARN_UNGUARDED_AVAILABILITY = YES_AGGRESSIVE;
				CLANG_WARN_UNREACHABLE_CODE = YES;
				CLANG_WARN__DUPLICATE_METHOD_MATCH = YES;
				CODE_SIGN_IDENTITY = "iPhone Developer";
				COPY_PHASE_STRIP = NO;
				DEBUG_INFORMATION_FORMAT = dwarf;
				ENABLE_STRICT_OBJC_MSGSEND = YES;
				ENABLE_TESTABILITY = YES;
				GCC_C_LANGUAGE_STANDARD = gnu11;
				GCC_DYNAMIC_NO_PIC = NO;
				GCC_NO_COMMON_BLOCKS = YES;
				GCC_OPTIMIZATION_LEVEL = 0;
				GCC_PREPROCESSOR_DEFINITIONS = (
					"DEBUG=1",
					"$(inherited)",
				);
				GCC_WARN_64_TO_32_BIT_CONVERSION = YES;
				GCC_WARN_ABOUT_RETURN_TYPE = YES_ERROR;
				GCC_WARN_UNDECLARED_SELECTOR = YES;
				GCC_WARN_UNINITIALIZED_AUTOS = YES_AGGRESSIVE;
				GCC_WARN_UNUSED_FUNCTION = YES;
				GCC_WARN_UNUSED_VARIABLE = YES;
				IPHONEOS_DEPLOYMENT_TARGET = 11.2;
				MTL_ENABLE_DEBUG_INFO = YES;
				ONLY_ACTIVE_ARCH = YES;
				SDKROOT = iphoneos;
				SWIFT_ACTIVE_COMPILATION_CONDITIONS = DEBUG;
				SWIFT_OPTIMIZATION_LEVEL = "-Onone";
			};
			name = Debug;
		};
		A74D0594206BC6B500698CAA /* Release */ = {
			isa = XCBuildConfiguration;
			buildSettings = {
				ALWAYS_SEARCH_USER_PATHS = NO;
				CLANG_ANALYZER_NONNULL = YES;
				CLANG_ANALYZER_NUMBER_OBJECT_CONVERSION = YES_AGGRESSIVE;
				CLANG_CXX_LANGUAGE_STANDARD = "gnu++14";
				CLANG_CXX_LIBRARY = "libc++";
				CLANG_ENABLE_MODULES = YES;
				CLANG_ENABLE_OBJC_ARC = YES;
				CLANG_WARN_BLOCK_CAPTURE_AUTORELEASING = YES;
				CLANG_WARN_BOOL_CONVERSION = YES;
				CLANG_WARN_COMMA = YES;
				CLANG_WARN_CONSTANT_CONVERSION = YES;
				CLANG_WARN_DIRECT_OBJC_ISA_USAGE = YES_ERROR;
				CLANG_WARN_DOCUMENTATION_COMMENTS = YES;
				CLANG_WARN_EMPTY_BODY = YES;
				CLANG_WARN_ENUM_CONVERSION = YES;
				CLANG_WARN_INFINITE_RECURSION = YES;
				CLANG_WARN_INT_CONVERSION = YES;
				CLANG_WARN_NON_LITERAL_NULL_CONVERSION = YES;
				CLANG_WARN_OBJC_LITERAL_CONVERSION = YES;
				CLANG_WARN_OBJC_ROOT_CLASS = YES_ERROR;
				CLANG_WARN_RANGE_LOOP_ANALYSIS = YES;
				CLANG_WARN_STRICT_PROTOTYPES = YES;
				CLANG_WARN_SUSPICIOUS_MOVE = YES;
				CLANG_WARN_UNGUARDED_AVAILABILITY = YES_AGGRESSIVE;
				CLANG_WARN_UNREACHABLE_CODE = YES;
				CLANG_WARN__DUPLICATE_METHOD_MATCH = YES;
				CODE_SIGN_IDENTITY = "iPhone Developer";
				COPY_PHASE_STRIP = NO;
				DEBUG_INFORMATION_FORMAT = "dwarf-with-dsym";
				ENABLE_NS_ASSERTIONS = NO;
				ENABLE_STRICT_OBJC_MSGSEND = YES;
				GCC_C_LANGUAGE_STANDARD = gnu11;
				GCC_NO_COMMON_BLOCKS = YES;
				GCC_WARN_64_TO_32_BIT_CONVERSION = YES;
				GCC_WARN_ABOUT_RETURN_TYPE = YES_ERROR;
				GCC_WARN_UNDECLARED_SELECTOR = YES;
				GCC_WARN_UNINITIALIZED_AUTOS = YES_AGGRESSIVE;
				GCC_WARN_UNUSED_FUNCTION = YES;
				GCC_WARN_UNUSED_VARIABLE = YES;
				IPHONEOS_DEPLOYMENT_TARGET = 11.2;
				MTL_ENABLE_DEBUG_INFO = NO;
				SDKROOT = iphoneos;
				SWIFT_OPTIMIZATION_LEVEL = "-Owholemodule";
				VALIDATE_PRODUCT = YES;
			};
			name = Release;
		};
		A74D0596206BC6B500698CAA /* Debug */ = {
			isa = XCBuildConfiguration;
			buildSettings = {
				ASSETCATALOG_COMPILER_APPICON_NAME = AppIcon;
				CODE_SIGN_STYLE = Automatic;
				DEVELOPMENT_TEAM = Y96MKUF8JN;
				INFOPLIST_FILE = Example/Info.plist;
				LD_RUNPATH_SEARCH_PATHS = "$(inherited) @executable_path/Frameworks";
				PRODUCT_BUNDLE_IDENTIFIER = com.thoughtworks.Example;
				PRODUCT_NAME = "$(TARGET_NAME)";
				SWIFT_VERSION = 4.0;
				TARGETED_DEVICE_FAMILY = "1,2";
			};
			name = Debug;
		};
		A74D0597206BC6B500698CAA /* Release */ = {
			isa = XCBuildConfiguration;
			buildSettings = {
				ASSETCATALOG_COMPILER_APPICON_NAME = AppIcon;
				CODE_SIGN_STYLE = Automatic;
				DEVELOPMENT_TEAM = Y96MKUF8JN;
				INFOPLIST_FILE = Example/Info.plist;
				LD_RUNPATH_SEARCH_PATHS = "$(inherited) @executable_path/Frameworks";
				PRODUCT_BUNDLE_IDENTIFIER = com.thoughtworks.Example;
				PRODUCT_NAME = "$(TARGET_NAME)";
				SWIFT_VERSION = 4.0;
				TARGETED_DEVICE_FAMILY = "1,2";
			};
			name = Release;
		};
		A74D0599206BC6B500698CAA /* Debug */ = {
			isa = XCBuildConfiguration;
			buildSettings = {
				ALWAYS_EMBED_SWIFT_STANDARD_LIBRARIES = YES;
				BUNDLE_LOADER = "$(TEST_HOST)";
				CODE_SIGN_STYLE = Automatic;
				DEVELOPMENT_TEAM = Y96MKUF8JN;
				INFOPLIST_FILE = ExampleTests/Info.plist;
				LD_RUNPATH_SEARCH_PATHS = "$(inherited) @executable_path/Frameworks @loader_path/Frameworks";
				PRODUCT_BUNDLE_IDENTIFIER = com.thoughtworks.ExampleTests;
				PRODUCT_NAME = "$(TARGET_NAME)";
				SWIFT_VERSION = 4.0;
				TARGETED_DEVICE_FAMILY = "1,2";
				TEST_HOST = "$(BUILT_PRODUCTS_DIR)/Example.app/Example";
			};
			name = Debug;
		};
		A74D059A206BC6B500698CAA /* Release */ = {
			isa = XCBuildConfiguration;
			buildSettings = {
				ALWAYS_EMBED_SWIFT_STANDARD_LIBRARIES = YES;
				BUNDLE_LOADER = "$(TEST_HOST)";
				CODE_SIGN_STYLE = Automatic;
				DEVELOPMENT_TEAM = Y96MKUF8JN;
				INFOPLIST_FILE = ExampleTests/Info.plist;
				LD_RUNPATH_SEARCH_PATHS = "$(inherited) @executable_path/Frameworks @loader_path/Frameworks";
				PRODUCT_BUNDLE_IDENTIFIER = com.thoughtworks.ExampleTests;
				PRODUCT_NAME = "$(TARGET_NAME)";
				SWIFT_VERSION = 4.0;
				TARGETED_DEVICE_FAMILY = "1,2";
				TEST_HOST = "$(BUILT_PRODUCTS_DIR)/Example.app/Example";
			};
			name = Release;
		};
		A74D059C206BC6B500698CAA /* Debug */ = {
			isa = XCBuildConfiguration;
			buildSettings = {
				ALWAYS_EMBED_SWIFT_STANDARD_LIBRARIES = YES;
				CODE_SIGN_STYLE = Automatic;
				DEVELOPMENT_TEAM = Y96MKUF8JN;
				INFOPLIST_FILE = ExampleUITests/Info.plist;
				LD_RUNPATH_SEARCH_PATHS = "$(inherited) @executable_path/Frameworks @loader_path/Frameworks";
				PRODUCT_BUNDLE_IDENTIFIER = com.thoughtworks.ExampleUITests;
				PRODUCT_NAME = "$(TARGET_NAME)";
				SWIFT_VERSION = 4.0;
				TARGETED_DEVICE_FAMILY = "1,2";
				TEST_TARGET_NAME = Example;
			};
			name = Debug;
		};
		A74D059D206BC6B500698CAA /* Release */ = {
			isa = XCBuildConfiguration;
			buildSettings = {
				ALWAYS_EMBED_SWIFT_STANDARD_LIBRARIES = YES;
				CODE_SIGN_STYLE = Automatic;
				DEVELOPMENT_TEAM = Y96MKUF8JN;
				INFOPLIST_FILE = ExampleUITests/Info.plist;
				LD_RUNPATH_SEARCH_PATHS = "$(inherited) @executable_path/Frameworks @loader_path/Frameworks";
				PRODUCT_BUNDLE_IDENTIFIER = com.thoughtworks.ExampleUITests;
				PRODUCT_NAME = "$(TARGET_NAME)";
				SWIFT_VERSION = 4.0;
				TARGETED_DEVICE_FAMILY = "1,2";
				TEST_TARGET_NAME = Example;
			};
			name = Release;
		};
/* End XCBuildConfiguration section */

/* Begin XCConfigurationList section */
		A74D0568206BC6B500698CAA /* Build configuration list for PBXProject "Example" */ = {
			isa = XCConfigurationList;
			buildConfigurations = (
				A74D0593206BC6B500698CAA /* Debug */,
				A74D0594206BC6B500698CAA /* Release */,
			);
			defaultConfigurationIsVisible = 0;
			defaultConfigurationName = Release;
		};
		A74D0595206BC6B500698CAA /* Build configuration list for PBXNativeTarget "Example" */ = {
			isa = XCConfigurationList;
			buildConfigurations = (
				A74D0596206BC6B500698CAA /* Debug */,
				A74D0597206BC6B500698CAA /* Release */,
			);
			defaultConfigurationIsVisible = 0;
			defaultConfigurationName = Release;
		};
		A74D0598206BC6B500698CAA /* Build configuration list for PBXNativeTarget "ExampleTests" */ = {
			isa = XCConfigurationList;
			buildConfigurations = (
				A74D0599206BC6B500698CAA /* Debug */,
				A74D059A206BC6B500698CAA /* Release */,
			);
			defaultConfigurationIsVisible = 0;
			defaultConfigurationName = Release;
		};
		A74D059B206BC6B500698CAA /* Build configuration list for PBXNativeTarget "ExampleUITests" */ = {
			isa = XCConfigurationList;
			buildConfigurations = (
				A74D059C206BC6B500698CAA /* Debug */,
				A74D059D206BC6B500698CAA /* Release */,
			);
			defaultConfigurationIsVisible = 0;
			defaultConfigurationName = Release;
		};
/* End XCConfigurationList section */
	};
	rootObject = A74D0565206BC6B500698CAA /* Project object */;
}
